// !$*UTF8*$!
{
	archiveVersion = 1;
	classes = {
	};
	objectVersion = 55;
	objects = {

/* Begin PBXBuildFile section */
		39D5C54A279564AF002F49BC /* AppDelegate.swift in Sources */ = {isa = PBXBuildFile; fileRef = 39D5C549279564AF002F49BC /* AppDelegate.swift */; };
		39D5C54C279564AF002F49BC /* SceneDelegate.swift in Sources */ = {isa = PBXBuildFile; fileRef = 39D5C54B279564AF002F49BC /* SceneDelegate.swift */; };
		39D5C54E279564AF002F49BC /* SignInSceenViewController.swift in Sources */ = {isa = PBXBuildFile; fileRef = 39D5C54D279564AF002F49BC /* SignInSceenViewController.swift */; };
		39D5C551279564AF002F49BC /* SignInSceen.storyboard in Resources */ = {isa = PBXBuildFile; fileRef = 39D5C54F279564AF002F49BC /* SignInSceen.storyboard */; };
		39D5C556279564B2002F49BC /* LaunchScreen.storyboard in Resources */ = {isa = PBXBuildFile; fileRef = 39D5C554279564B2002F49BC /* LaunchScreen.storyboard */; };
		39D5C56C27956CB1002F49BC /* TableViewExtension.swift in Sources */ = {isa = PBXBuildFile; fileRef = 39D5C56B27956CB1002F49BC /* TableViewExtension.swift */; };
		39D5C56E27956CC2002F49BC /* TableViewCellExtension.swift in Sources */ = {isa = PBXBuildFile; fileRef = 39D5C56D27956CC2002F49BC /* TableViewCellExtension.swift */; };
		39FF03FC2796C937006B5319 /* Assets.xcassets in Resources */ = {isa = PBXBuildFile; fileRef = 39FF03FB2796C937006B5319 /* Assets.xcassets */; };
		39FF03FF2796E930006B5319 /* TabBar.storyboard in Resources */ = {isa = PBXBuildFile; fileRef = 39FF03FE2796E930006B5319 /* TabBar.storyboard */; };
		39FF04012796E96E006B5319 /* TabBarViewController.swift in Sources */ = {isa = PBXBuildFile; fileRef = 39FF04002796E96E006B5319 /* TabBarViewController.swift */; };
		39FF041127994E30006B5319 /* Strings.swift in Sources */ = {isa = PBXBuildFile; fileRef = 39FF041027994E2F006B5319 /* Strings.swift */; };
		39FF041327994EE2006B5319 /* HomeFeedScreen.storyboard in Resources */ = {isa = PBXBuildFile; fileRef = 39FF041227994EE2006B5319 /* HomeFeedScreen.storyboard */; };
		39FF041527994F04006B5319 /* HomeFeedScreenViewController.swift in Sources */ = {isa = PBXBuildFile; fileRef = 39FF041427994F04006B5319 /* HomeFeedScreenViewController.swift */; };
		39FF041727994F13006B5319 /* VideoesScreenViewController.swift in Sources */ = {isa = PBXBuildFile; fileRef = 39FF041627994F13006B5319 /* VideoesScreenViewController.swift */; };
		39FF041927994F22006B5319 /* VideoesScreen.storyboard in Resources */ = {isa = PBXBuildFile; fileRef = 39FF041827994F22006B5319 /* VideoesScreen.storyboard */; };
		39FF041B27994F4E006B5319 /* FriendsListScreen.storyboard in Resources */ = {isa = PBXBuildFile; fileRef = 39FF041A27994F4E006B5319 /* FriendsListScreen.storyboard */; };
		39FF041D27994F5C006B5319 /* FriendsListScreenViewController.swift in Sources */ = {isa = PBXBuildFile; fileRef = 39FF041C27994F5C006B5319 /* FriendsListScreenViewController.swift */; };
		39FF041F27994F6B006B5319 /* SettingsScreen.storyboard in Resources */ = {isa = PBXBuildFile; fileRef = 39FF041E27994F6B006B5319 /* SettingsScreen.storyboard */; };
		39FF042127994F74006B5319 /* SettingsScreenViewController.swift in Sources */ = {isa = PBXBuildFile; fileRef = 39FF042027994F74006B5319 /* SettingsScreenViewController.swift */; };
		39FF042827998854006B5319 /* FeedCell.swift in Sources */ = {isa = PBXBuildFile; fileRef = 39FF042627998854006B5319 /* FeedCell.swift */; };
		39FF042927998854006B5319 /* FeedCell.xib in Resources */ = {isa = PBXBuildFile; fileRef = 39FF042727998854006B5319 /* FeedCell.xib */; };
		39FF042E2799B025006B5319 /* FriendCell.swift in Sources */ = {isa = PBXBuildFile; fileRef = 39FF042C2799B025006B5319 /* FriendCell.swift */; };
		39FF042F2799B025006B5319 /* FriendCell.xib in Resources */ = {isa = PBXBuildFile; fileRef = 39FF042D2799B025006B5319 /* FriendCell.xib */; };
		39FF04332799B822006B5319 /* VideoCell.swift in Sources */ = {isa = PBXBuildFile; fileRef = 39FF04312799B822006B5319 /* VideoCell.swift */; };
		39FF04342799B822006B5319 /* VideoCell.xib in Resources */ = {isa = PBXBuildFile; fileRef = 39FF04322799B822006B5319 /* VideoCell.xib */; };
		39FF0436279ABE64006B5319 /* Friend.swift in Sources */ = {isa = PBXBuildFile; fileRef = 39FF0435279ABE64006B5319 /* Friend.swift */; };
		39FF0439279AE8DA006B5319 /* SettingsScreenViewModel.swift in Sources */ = {isa = PBXBuildFile; fileRef = 39FF0438279AE8DA006B5319 /* SettingsScreenViewModel.swift */; };
		39FF043C279AF56A006B5319 /* FriendListScreenViewModel.swift in Sources */ = {isa = PBXBuildFile; fileRef = 39FF043B279AF56A006B5319 /* FriendListScreenViewModel.swift */; };
		39FF043F279AFF45006B5319 /* UserDefaultsManager.swift in Sources */ = {isa = PBXBuildFile; fileRef = 39FF043E279AFF45006B5319 /* UserDefaultsManager.swift */; };
		39FF0442279C9C2B006B5319 /* SignInScreenViewModel.swift in Sources */ = {isa = PBXBuildFile; fileRef = 39FF0441279C9C2B006B5319 /* SignInScreenViewModel.swift */; };
		39FF0444279E958D006B5319 /* HomeFeedScreenViewModel.swift in Sources */ = {isa = PBXBuildFile; fileRef = 39FF0443279E958D006B5319 /* HomeFeedScreenViewModel.swift */; };
		39FF0446279E9835006B5319 /* Feed.swift in Sources */ = {isa = PBXBuildFile; fileRef = 39FF0445279E9835006B5319 /* Feed.swift */; };
		39FF0448279EE92D006B5319 /* Video.swift in Sources */ = {isa = PBXBuildFile; fileRef = 39FF0447279EE92D006B5319 /* Video.swift */; };
		39FF044B279EF028006B5319 /* VideoScreenViewModel.swift in Sources */ = {isa = PBXBuildFile; fileRef = 39FF044A279EF028006B5319 /* VideoScreenViewModel.swift */; };
		3DED9180E88A518ABBBC28DB /* Pods_FacebookApp.framework in Frameworks */ = {isa = PBXBuildFile; fileRef = B61196D877D5212FFDE43745 /* Pods_FacebookApp.framework */; };
/* End PBXBuildFile section */

/* Begin PBXFileReference section */
		39D5C546279564AF002F49BC /* FacebookApp.app */ = {isa = PBXFileReference; explicitFileType = wrapper.application; includeInIndex = 0; path = FacebookApp.app; sourceTree = BUILT_PRODUCTS_DIR; };
		39D5C549279564AF002F49BC /* AppDelegate.swift */ = {isa = PBXFileReference; lastKnownFileType = sourcecode.swift; path = AppDelegate.swift; sourceTree = "<group>"; };
		39D5C54B279564AF002F49BC /* SceneDelegate.swift */ = {isa = PBXFileReference; lastKnownFileType = sourcecode.swift; path = SceneDelegate.swift; sourceTree = "<group>"; };
		39D5C54D279564AF002F49BC /* SignInSceenViewController.swift */ = {isa = PBXFileReference; lastKnownFileType = sourcecode.swift; path = SignInSceenViewController.swift; sourceTree = "<group>"; };
		39D5C550279564AF002F49BC /* Base */ = {isa = PBXFileReference; lastKnownFileType = file.storyboard; name = Base; path = Base.lproj/SignInSceen.storyboard; sourceTree = "<group>"; };
		39D5C555279564B2002F49BC /* Base */ = {isa = PBXFileReference; lastKnownFileType = file.storyboard; name = Base; path = Base.lproj/LaunchScreen.storyboard; sourceTree = "<group>"; };
		39D5C557279564B2002F49BC /* Info.plist */ = {isa = PBXFileReference; lastKnownFileType = text.plist.xml; path = Info.plist; sourceTree = "<group>"; };
		39D5C56B27956CB1002F49BC /* TableViewExtension.swift */ = {isa = PBXFileReference; lastKnownFileType = sourcecode.swift; path = TableViewExtension.swift; sourceTree = "<group>"; };
		39D5C56D27956CC2002F49BC /* TableViewCellExtension.swift */ = {isa = PBXFileReference; lastKnownFileType = sourcecode.swift; path = TableViewCellExtension.swift; sourceTree = "<group>"; };
		39FF03FB2796C937006B5319 /* Assets.xcassets */ = {isa = PBXFileReference; lastKnownFileType = folder.assetcatalog; path = Assets.xcassets; sourceTree = "<group>"; };
		39FF03FE2796E930006B5319 /* TabBar.storyboard */ = {isa = PBXFileReference; lastKnownFileType = file.storyboard; path = TabBar.storyboard; sourceTree = "<group>"; };
		39FF04002796E96E006B5319 /* TabBarViewController.swift */ = {isa = PBXFileReference; lastKnownFileType = sourcecode.swift; path = TabBarViewController.swift; sourceTree = "<group>"; };
		39FF041027994E2F006B5319 /* Strings.swift */ = {isa = PBXFileReference; lastKnownFileType = sourcecode.swift; path = Strings.swift; sourceTree = "<group>"; };
		39FF041227994EE2006B5319 /* HomeFeedScreen.storyboard */ = {isa = PBXFileReference; lastKnownFileType = file.storyboard; path = HomeFeedScreen.storyboard; sourceTree = "<group>"; };
		39FF041427994F04006B5319 /* HomeFeedScreenViewController.swift */ = {isa = PBXFileReference; lastKnownFileType = sourcecode.swift; path = HomeFeedScreenViewController.swift; sourceTree = "<group>"; };
		39FF041627994F13006B5319 /* VideoesScreenViewController.swift */ = {isa = PBXFileReference; lastKnownFileType = sourcecode.swift; path = VideoesScreenViewController.swift; sourceTree = "<group>"; };
		39FF041827994F22006B5319 /* VideoesScreen.storyboard */ = {isa = PBXFileReference; lastKnownFileType = file.storyboard; path = VideoesScreen.storyboard; sourceTree = "<group>"; };
		39FF041A27994F4E006B5319 /* FriendsListScreen.storyboard */ = {isa = PBXFileReference; lastKnownFileType = file.storyboard; path = FriendsListScreen.storyboard; sourceTree = "<group>"; };
		39FF041C27994F5C006B5319 /* FriendsListScreenViewController.swift */ = {isa = PBXFileReference; lastKnownFileType = sourcecode.swift; path = FriendsListScreenViewController.swift; sourceTree = "<group>"; };
		39FF041E27994F6B006B5319 /* SettingsScreen.storyboard */ = {isa = PBXFileReference; lastKnownFileType = file.storyboard; path = SettingsScreen.storyboard; sourceTree = "<group>"; };
		39FF042027994F74006B5319 /* SettingsScreenViewController.swift */ = {isa = PBXFileReference; lastKnownFileType = sourcecode.swift; path = SettingsScreenViewController.swift; sourceTree = "<group>"; };
		39FF042627998854006B5319 /* FeedCell.swift */ = {isa = PBXFileReference; lastKnownFileType = sourcecode.swift; path = FeedCell.swift; sourceTree = "<group>"; };
		39FF042727998854006B5319 /* FeedCell.xib */ = {isa = PBXFileReference; lastKnownFileType = file.xib; path = FeedCell.xib; sourceTree = "<group>"; };
		39FF042C2799B025006B5319 /* FriendCell.swift */ = {isa = PBXFileReference; lastKnownFileType = sourcecode.swift; path = FriendCell.swift; sourceTree = "<group>"; };
		39FF042D2799B025006B5319 /* FriendCell.xib */ = {isa = PBXFileReference; lastKnownFileType = file.xib; path = FriendCell.xib; sourceTree = "<group>"; };
		39FF04312799B822006B5319 /* VideoCell.swift */ = {isa = PBXFileReference; lastKnownFileType = sourcecode.swift; path = VideoCell.swift; sourceTree = "<group>"; };
		39FF04322799B822006B5319 /* VideoCell.xib */ = {isa = PBXFileReference; lastKnownFileType = file.xib; path = VideoCell.xib; sourceTree = "<group>"; };
		39FF0435279ABE64006B5319 /* Friend.swift */ = {isa = PBXFileReference; lastKnownFileType = sourcecode.swift; path = Friend.swift; sourceTree = "<group>"; };
		39FF0438279AE8DA006B5319 /* SettingsScreenViewModel.swift */ = {isa = PBXFileReference; lastKnownFileType = sourcecode.swift; path = SettingsScreenViewModel.swift; sourceTree = "<group>"; };
		39FF043B279AF56A006B5319 /* FriendListScreenViewModel.swift */ = {isa = PBXFileReference; lastKnownFileType = sourcecode.swift; path = FriendListScreenViewModel.swift; sourceTree = "<group>"; };
		39FF043E279AFF45006B5319 /* UserDefaultsManager.swift */ = {isa = PBXFileReference; lastKnownFileType = sourcecode.swift; path = UserDefaultsManager.swift; sourceTree = "<group>"; };
		39FF0441279C9C2B006B5319 /* SignInScreenViewModel.swift */ = {isa = PBXFileReference; lastKnownFileType = sourcecode.swift; path = SignInScreenViewModel.swift; sourceTree = "<group>"; };
		39FF0443279E958D006B5319 /* HomeFeedScreenViewModel.swift */ = {isa = PBXFileReference; lastKnownFileType = sourcecode.swift; path = HomeFeedScreenViewModel.swift; sourceTree = "<group>"; };
		39FF0445279E9835006B5319 /* Feed.swift */ = {isa = PBXFileReference; lastKnownFileType = sourcecode.swift; path = Feed.swift; sourceTree = "<group>"; };
		39FF0447279EE92D006B5319 /* Video.swift */ = {isa = PBXFileReference; lastKnownFileType = sourcecode.swift; path = Video.swift; sourceTree = "<group>"; };
		39FF044A279EF028006B5319 /* VideoScreenViewModel.swift */ = {isa = PBXFileReference; lastKnownFileType = sourcecode.swift; path = VideoScreenViewModel.swift; sourceTree = "<group>"; };
		75698ACF95FBC46689515613 /* Pods-FacebookApp.release.xcconfig */ = {isa = PBXFileReference; includeInIndex = 1; lastKnownFileType = text.xcconfig; name = "Pods-FacebookApp.release.xcconfig"; path = "Target Support Files/Pods-FacebookApp/Pods-FacebookApp.release.xcconfig"; sourceTree = "<group>"; };
		B4134E389AF8E720393C5722 /* Pods-FacebookApp.debug.xcconfig */ = {isa = PBXFileReference; includeInIndex = 1; lastKnownFileType = text.xcconfig; name = "Pods-FacebookApp.debug.xcconfig"; path = "Target Support Files/Pods-FacebookApp/Pods-FacebookApp.debug.xcconfig"; sourceTree = "<group>"; };
		B61196D877D5212FFDE43745 /* Pods_FacebookApp.framework */ = {isa = PBXFileReference; explicitFileType = wrapper.framework; includeInIndex = 0; path = Pods_FacebookApp.framework; sourceTree = BUILT_PRODUCTS_DIR; };
/* End PBXFileReference section */

/* Begin PBXFrameworksBuildPhase section */
		39D5C543279564AF002F49BC /* Frameworks */ = {
			isa = PBXFrameworksBuildPhase;
			buildActionMask = 2147483647;
			files = (
				3DED9180E88A518ABBBC28DB /* Pods_FacebookApp.framework in Frameworks */,
			);
			runOnlyForDeploymentPostprocessing = 0;
		};
/* End PBXFrameworksBuildPhase section */

/* Begin PBXGroup section */
		2A77872353EFE2223D5A4933 /* Pods */ = {
			isa = PBXGroup;
			children = (
				B4134E389AF8E720393C5722 /* Pods-FacebookApp.debug.xcconfig */,
				75698ACF95FBC46689515613 /* Pods-FacebookApp.release.xcconfig */,
			);
			path = Pods;
			sourceTree = "<group>";
		};
		39D5C53D279564AF002F49BC = {
			isa = PBXGroup;
			children = (
				39D5C548279564AF002F49BC /* FacebookApp */,
				39D5C547279564AF002F49BC /* Products */,
				2A77872353EFE2223D5A4933 /* Pods */,
				4EFD49984AC31E6C05BBD02B /* Frameworks */,
			);
			sourceTree = "<group>";
		};
		39D5C547279564AF002F49BC /* Products */ = {
			isa = PBXGroup;
			children = (
				39D5C546279564AF002F49BC /* FacebookApp.app */,
			);
			name = Products;
			sourceTree = "<group>";
		};
		39D5C548279564AF002F49BC /* FacebookApp */ = {
			isa = PBXGroup;
			children = (
				39D5C55D279565F2002F49BC /* App */,
				39D5C562279568B1002F49BC /* Core */,
				39D5C56627956925002F49BC /* Model */,
				39D5C55E27956604002F49BC /* Scene */,
				39D5C5612795665B002F49BC /* Resources */,
				39D5C56827956BB9002F49BC /* Supporting Files */,
			);
			path = FacebookApp;
			sourceTree = "<group>";
		};
		39D5C55D279565F2002F49BC /* App */ = {
			isa = PBXGroup;
			children = (
				39D5C549279564AF002F49BC /* AppDelegate.swift */,
				39D5C54B279564AF002F49BC /* SceneDelegate.swift */,
			);
			path = App;
			sourceTree = "<group>";
		};
		39D5C55E27956604002F49BC /* Scene */ = {
			isa = PBXGroup;
			children = (
				39D5C5602795664B002F49BC /* LaunchScreen */,
				39D5C55F27956615002F49BC /* SignIn */,
				39FF03FD2796E91D006B5319 /* TabBarController */,
				39FF04022796EA42006B5319 /* HomeFeedScreen */,
				39FF04032796EA5D006B5319 /* VideoesScreen */,
				39FF04042796EA78006B5319 /* FriendsListScreen  */,
				39FF04052796EA92006B5319 /* SettingsScreen */,
			);
			path = Scene;
			sourceTree = "<group>";
		};
		39D5C55F27956615002F49BC /* SignIn */ = {
			isa = PBXGroup;
			children = (
				39FF0440279C9C18006B5319 /* ViewModel */,
				39D5C54F279564AF002F49BC /* SignInSceen.storyboard */,
				39D5C54D279564AF002F49BC /* SignInSceenViewController.swift */,
			);
			path = SignIn;
			sourceTree = "<group>";
		};
		39D5C5602795664B002F49BC /* LaunchScreen */ = {
			isa = PBXGroup;
			children = (
				39D5C554279564B2002F49BC /* LaunchScreen.storyboard */,
			);
			path = LaunchScreen;
			sourceTree = "<group>";
		};
		39D5C5612795665B002F49BC /* Resources */ = {
			isa = PBXGroup;
			children = (
				39FF03FB2796C937006B5319 /* Assets.xcassets */,
			);
			path = Resources;
			sourceTree = "<group>";
		};
		39D5C562279568B1002F49BC /* Core */ = {
			isa = PBXGroup;
			children = (
				39D5C5652795691A002F49BC /* Utilities */,
				39D5C563279568F5002F49BC /* Network */,
				39D5C56427956900002F49BC /* Extensions */,
			);
			path = Core;
			sourceTree = "<group>";
		};
		39D5C563279568F5002F49BC /* Network */ = {
			isa = PBXGroup;
			children = (
			);
			path = Network;
			sourceTree = "<group>";
		};
		39D5C56427956900002F49BC /* Extensions */ = {
			isa = PBXGroup;
			children = (
				39D5C56927956C50002F49BC /* TableViewExtension */,
				39D5C56A27956C60002F49BC /* TableViewCellExtension */,
			);
			path = Extensions;
			sourceTree = "<group>";
		};
		39D5C5652795691A002F49BC /* Utilities */ = {
			isa = PBXGroup;
			children = (
				39FF043D279AFF27006B5319 /* UserDefaultsManager */,
				39FF040F27994E24006B5319 /* Strings */,
			);
			path = Utilities;
			sourceTree = "<group>";
		};
		39D5C56627956925002F49BC /* Model */ = {
			isa = PBXGroup;
			children = (
				39D5C5672795692D002F49BC /* Models */,
			);
			path = Model;
			sourceTree = "<group>";
		};
		39D5C5672795692D002F49BC /* Models */ = {
			isa = PBXGroup;
			children = (
				39FF0435279ABE64006B5319 /* Friend.swift */,
				39FF0445279E9835006B5319 /* Feed.swift */,
				39FF0447279EE92D006B5319 /* Video.swift */,
			);
			path = Models;
			sourceTree = "<group>";
		};
		39D5C56827956BB9002F49BC /* Supporting Files */ = {
			isa = PBXGroup;
			children = (
				39D5C557279564B2002F49BC /* Info.plist */,
			);
			path = "Supporting Files";
			sourceTree = "<group>";
		};
		39D5C56927956C50002F49BC /* TableViewExtension */ = {
			isa = PBXGroup;
			children = (
				39D5C56B27956CB1002F49BC /* TableViewExtension.swift */,
			);
			path = TableViewExtension;
			sourceTree = "<group>";
		};
		39D5C56A27956C60002F49BC /* TableViewCellExtension */ = {
			isa = PBXGroup;
			children = (
				39D5C56D27956CC2002F49BC /* TableViewCellExtension.swift */,
			);
			path = TableViewCellExtension;
			sourceTree = "<group>";
		};
		39FF03FD2796E91D006B5319 /* TabBarController */ = {
			isa = PBXGroup;
			children = (
				39FF03FE2796E930006B5319 /* TabBar.storyboard */,
				39FF04002796E96E006B5319 /* TabBarViewController.swift */,
			);
			path = TabBarController;
			sourceTree = "<group>";
		};
		39FF04022796EA42006B5319 /* HomeFeedScreen */ = {
			isa = PBXGroup;
			children = (
				39FF041227994EE2006B5319 /* HomeFeedScreen.storyboard */,
				39FF041427994F04006B5319 /* HomeFeedScreenViewController.swift */,
				39FF042A27999FA3006B5319 /* ViewModel */,
				39FF0425279967D2006B5319 /* FeedCell */,
			);
			path = HomeFeedScreen;
			sourceTree = "<group>";
		};
		39FF04032796EA5D006B5319 /* VideoesScreen */ = {
			isa = PBXGroup;
			children = (
				39FF0449279EF011006B5319 /* ViewModel */,
				39FF041827994F22006B5319 /* VideoesScreen.storyboard */,
				39FF041627994F13006B5319 /* VideoesScreenViewController.swift */,
				39FF04302799B80E006B5319 /* VideoCell */,
			);
			path = VideoesScreen;
			sourceTree = "<group>";
		};
		39FF04042796EA78006B5319 /* FriendsListScreen  */ = {
			isa = PBXGroup;
			children = (
				39FF043A279AF543006B5319 /* viewModel */,
				39FF041A27994F4E006B5319 /* FriendsListScreen.storyboard */,
				39FF041C27994F5C006B5319 /* FriendsListScreenViewController.swift */,
				39FF042B2799B007006B5319 /* FriendCell */,
			);
			path = "FriendsListScreen ";
			sourceTree = "<group>";
		};
		39FF04052796EA92006B5319 /* SettingsScreen */ = {
			isa = PBXGroup;
			children = (
				39FF041E27994F6B006B5319 /* SettingsScreen.storyboard */,
				39FF042027994F74006B5319 /* SettingsScreenViewController.swift */,
				39FF0437279AE8CA006B5319 /* ViewModel */,
			);
			path = SettingsScreen;
			sourceTree = "<group>";
		};
		39FF040F27994E24006B5319 /* Strings */ = {
			isa = PBXGroup;
			children = (
				39FF041027994E2F006B5319 /* Strings.swift */,
			);
			path = Strings;
			sourceTree = "<group>";
		};
		39FF0425279967D2006B5319 /* FeedCell */ = {
			isa = PBXGroup;
			children = (
				39FF042727998854006B5319 /* FeedCell.xib */,
				39FF042627998854006B5319 /* FeedCell.swift */,
			);
			path = FeedCell;
			sourceTree = "<group>";
		};
		39FF042A27999FA3006B5319 /* ViewModel */ = {
			isa = PBXGroup;
			children = (
				39FF0443279E958D006B5319 /* HomeFeedScreenViewModel.swift */,
			);
			path = ViewModel;
			sourceTree = "<group>";
		};
		39FF042B2799B007006B5319 /* FriendCell */ = {
			isa = PBXGroup;
			children = (
				39FF042D2799B025006B5319 /* FriendCell.xib */,
				39FF042C2799B025006B5319 /* FriendCell.swift */,
			);
			path = FriendCell;
			sourceTree = "<group>";
		};
		39FF04302799B80E006B5319 /* VideoCell */ = {
			isa = PBXGroup;
			children = (
				39FF04322799B822006B5319 /* VideoCell.xib */,
				39FF04312799B822006B5319 /* VideoCell.swift */,
			);
			path = VideoCell;
			sourceTree = "<group>";
		};
		39FF0437279AE8CA006B5319 /* ViewModel */ = {
			isa = PBXGroup;
			children = (
				39FF0438279AE8DA006B5319 /* SettingsScreenViewModel.swift */,
			);
			path = ViewModel;
			sourceTree = "<group>";
		};
		39FF043A279AF543006B5319 /* viewModel */ = {
			isa = PBXGroup;
			children = (
				39FF043B279AF56A006B5319 /* FriendListScreenViewModel.swift */,
			);
			path = viewModel;
			sourceTree = "<group>";
		};
		39FF043D279AFF27006B5319 /* UserDefaultsManager */ = {
			isa = PBXGroup;
			children = (
				39FF043E279AFF45006B5319 /* UserDefaultsManager.swift */,
			);
			path = UserDefaultsManager;
			sourceTree = "<group>";
		};
		39FF0440279C9C18006B5319 /* ViewModel */ = {
			isa = PBXGroup;
			children = (
				39FF0441279C9C2B006B5319 /* SignInScreenViewModel.swift */,
			);
			path = ViewModel;
			sourceTree = "<group>";
		};
		39FF0449279EF011006B5319 /* ViewModel */ = {
			isa = PBXGroup;
			children = (
				39FF044A279EF028006B5319 /* VideoScreenViewModel.swift */,
			);
			path = ViewModel;
			sourceTree = "<group>";
		};
		4EFD49984AC31E6C05BBD02B /* Frameworks */ = {
			isa = PBXGroup;
			children = (
				B61196D877D5212FFDE43745 /* Pods_FacebookApp.framework */,
			);
			name = Frameworks;
			sourceTree = "<group>";
		};
/* End PBXGroup section */

/* Begin PBXNativeTarget section */
		39D5C545279564AF002F49BC /* FacebookApp */ = {
			isa = PBXNativeTarget;
			buildConfigurationList = 39D5C55A279564B2002F49BC /* Build configuration list for PBXNativeTarget "FacebookApp" */;
			buildPhases = (
				DA747094BFDD9B35270599A8 /* [CP] Check Pods Manifest.lock */,
				39D5C542279564AF002F49BC /* Sources */,
				39D5C543279564AF002F49BC /* Frameworks */,
				39D5C544279564AF002F49BC /* Resources */,
				D5BFEAC22969C254F6AD148E /* [CP] Embed Pods Frameworks */,
			);
			buildRules = (
			);
			dependencies = (
			);
			name = FacebookApp;
			productName = FacebookApp;
			productReference = 39D5C546279564AF002F49BC /* FacebookApp.app */;
			productType = "com.apple.product-type.application";
		};
/* End PBXNativeTarget section */

/* Begin PBXProject section */
		39D5C53E279564AF002F49BC /* Project object */ = {
			isa = PBXProject;
			attributes = {
				BuildIndependentTargetsInParallel = 1;
				LastSwiftUpdateCheck = 1300;
				LastUpgradeCheck = 1300;
				TargetAttributes = {
					39D5C545279564AF002F49BC = {
						CreatedOnToolsVersion = 13.0;
					};
				};
			};
			buildConfigurationList = 39D5C541279564AF002F49BC /* Build configuration list for PBXProject "FacebookApp" */;
			compatibilityVersion = "Xcode 13.0";
			developmentRegion = en;
			hasScannedForEncodings = 0;
			knownRegions = (
				en,
				Base,
			);
			mainGroup = 39D5C53D279564AF002F49BC;
			productRefGroup = 39D5C547279564AF002F49BC /* Products */;
			projectDirPath = "";
			projectRoot = "";
			targets = (
				39D5C545279564AF002F49BC /* FacebookApp */,
			);
		};
/* End PBXProject section */

/* Begin PBXResourcesBuildPhase section */
		39D5C544279564AF002F49BC /* Resources */ = {
			isa = PBXResourcesBuildPhase;
			buildActionMask = 2147483647;
			files = (
				39FF042927998854006B5319 /* FeedCell.xib in Resources */,
				39FF041927994F22006B5319 /* VideoesScreen.storyboard in Resources */,
				39FF04342799B822006B5319 /* VideoCell.xib in Resources */,
				39FF041F27994F6B006B5319 /* SettingsScreen.storyboard in Resources */,
				39FF03FF2796E930006B5319 /* TabBar.storyboard in Resources */,
				39D5C556279564B2002F49BC /* LaunchScreen.storyboard in Resources */,
				39FF042F2799B025006B5319 /* FriendCell.xib in Resources */,
				39FF03FC2796C937006B5319 /* Assets.xcassets in Resources */,
				39FF041B27994F4E006B5319 /* FriendsListScreen.storyboard in Resources */,
				39FF041327994EE2006B5319 /* HomeFeedScreen.storyboard in Resources */,
				39D5C551279564AF002F49BC /* SignInSceen.storyboard in Resources */,
			);
			runOnlyForDeploymentPostprocessing = 0;
		};
/* End PBXResourcesBuildPhase section */

/* Begin PBXShellScriptBuildPhase section */
		D5BFEAC22969C254F6AD148E /* [CP] Embed Pods Frameworks */ = {
			isa = PBXShellScriptBuildPhase;
			buildActionMask = 2147483647;
			files = (
			);
			inputFileListPaths = (
				"${PODS_ROOT}/Target Support Files/Pods-FacebookApp/Pods-FacebookApp-frameworks-${CONFIGURATION}-input-files.xcfilelist",
			);
			name = "[CP] Embed Pods Frameworks";
			outputFileListPaths = (
				"${PODS_ROOT}/Target Support Files/Pods-FacebookApp/Pods-FacebookApp-frameworks-${CONFIGURATION}-output-files.xcfilelist",
			);
			runOnlyForDeploymentPostprocessing = 0;
			shellPath = /bin/sh;
			shellScript = "\"${PODS_ROOT}/Target Support Files/Pods-FacebookApp/Pods-FacebookApp-frameworks.sh\"\n";
			showEnvVarsInLog = 0;
		};
		DA747094BFDD9B35270599A8 /* [CP] Check Pods Manifest.lock */ = {
			isa = PBXShellScriptBuildPhase;
			buildActionMask = 2147483647;
			files = (
			);
			inputFileListPaths = (
			);
			inputPaths = (
				"${PODS_PODFILE_DIR_PATH}/Podfile.lock",
				"${PODS_ROOT}/Manifest.lock",
			);
			name = "[CP] Check Pods Manifest.lock";
			outputFileListPaths = (
			);
			outputPaths = (
				"$(DERIVED_FILE_DIR)/Pods-FacebookApp-checkManifestLockResult.txt",
			);
			runOnlyForDeploymentPostprocessing = 0;
			shellPath = /bin/sh;
			shellScript = "diff \"${PODS_PODFILE_DIR_PATH}/Podfile.lock\" \"${PODS_ROOT}/Manifest.lock\" > /dev/null\nif [ $? != 0 ] ; then\n    # print error to STDERR\n    echo \"error: The sandbox is not in sync with the Podfile.lock. Run 'pod install' or update your CocoaPods installation.\" >&2\n    exit 1\nfi\n# This output is used by Xcode 'outputs' to avoid re-running this script phase.\necho \"SUCCESS\" > \"${SCRIPT_OUTPUT_FILE_0}\"\n";
			showEnvVarsInLog = 0;
		};
/* End PBXShellScriptBuildPhase section */

/* Begin PBXSourcesBuildPhase section */
		39D5C542279564AF002F49BC /* Sources */ = {
			isa = PBXSourcesBuildPhase;
			buildActionMask = 2147483647;
			files = (
				39D5C54E279564AF002F49BC /* SignInSceenViewController.swift in Sources */,
				39FF041127994E30006B5319 /* Strings.swift in Sources */,
				39FF042827998854006B5319 /* FeedCell.swift in Sources */,
				39FF0442279C9C2B006B5319 /* SignInScreenViewModel.swift in Sources */,
				39D5C54A279564AF002F49BC /* AppDelegate.swift in Sources */,
				39D5C56E27956CC2002F49BC /* TableViewCellExtension.swift in Sources */,
				39FF0439279AE8DA006B5319 /* SettingsScreenViewModel.swift in Sources */,
				39FF0448279EE92D006B5319 /* Video.swift in Sources */,
				39FF041527994F04006B5319 /* HomeFeedScreenViewController.swift in Sources */,
				39FF041D27994F5C006B5319 /* FriendsListScreenViewController.swift in Sources */,
				39D5C54C279564AF002F49BC /* SceneDelegate.swift in Sources */,
				39FF0446279E9835006B5319 /* Feed.swift in Sources */,
				39FF04012796E96E006B5319 /* TabBarViewController.swift in Sources */,
				39FF042127994F74006B5319 /* SettingsScreenViewController.swift in Sources */,
				39FF04332799B822006B5319 /* VideoCell.swift in Sources */,
				39FF042E2799B025006B5319 /* FriendCell.swift in Sources */,
				39FF043C279AF56A006B5319 /* FriendListScreenViewModel.swift in Sources */,
				39FF043F279AFF45006B5319 /* UserDefaultsManager.swift in Sources */,
				39FF0436279ABE64006B5319 /* Friend.swift in Sources */,
				39FF0444279E958D006B5319 /* HomeFeedScreenViewModel.swift in Sources */,
				39D5C56C27956CB1002F49BC /* TableViewExtension.swift in Sources */,
				39FF041727994F13006B5319 /* VideoesScreenViewController.swift in Sources */,
				39FF044B279EF028006B5319 /* VideoScreenViewModel.swift in Sources */,
			);
			runOnlyForDeploymentPostprocessing = 0;
		};
/* End PBXSourcesBuildPhase section */

/* Begin PBXVariantGroup section */
		39D5C54F279564AF002F49BC /* SignInSceen.storyboard */ = {
			isa = PBXVariantGroup;
			children = (
				39D5C550279564AF002F49BC /* Base */,
			);
			name = SignInSceen.storyboard;
			sourceTree = "<group>";
		};
		39D5C554279564B2002F49BC /* LaunchScreen.storyboard */ = {
			isa = PBXVariantGroup;
			children = (
				39D5C555279564B2002F49BC /* Base */,
			);
			name = LaunchScreen.storyboard;
			sourceTree = "<group>";
		};
/* End PBXVariantGroup section */

/* Begin XCBuildConfiguration section */
		39D5C558279564B2002F49BC /* Debug */ = {
			isa = XCBuildConfiguration;
			buildSettings = {
				ALWAYS_SEARCH_USER_PATHS = NO;
				CLANG_ANALYZER_NONNULL = YES;
				CLANG_ANALYZER_NUMBER_OBJECT_CONVERSION = YES_AGGRESSIVE;
				CLANG_CXX_LANGUAGE_STANDARD = "gnu++17";
				CLANG_CXX_LIBRARY = "libc++";
				CLANG_ENABLE_MODULES = YES;
				CLANG_ENABLE_OBJC_ARC = YES;
				CLANG_ENABLE_OBJC_WEAK = YES;
				CLANG_WARN_BLOCK_CAPTURE_AUTORELEASING = YES;
				CLANG_WARN_BOOL_CONVERSION = YES;
				CLANG_WARN_COMMA = YES;
				CLANG_WARN_CONSTANT_CONVERSION = YES;
				CLANG_WARN_DEPRECATED_OBJC_IMPLEMENTATIONS = YES;
				CLANG_WARN_DIRECT_OBJC_ISA_USAGE = YES_ERROR;
				CLANG_WARN_DOCUMENTATION_COMMENTS = YES;
				CLANG_WARN_EMPTY_BODY = YES;
				CLANG_WARN_ENUM_CONVERSION = YES;
				CLANG_WARN_INFINITE_RECURSION = YES;
				CLANG_WARN_INT_CONVERSION = YES;
				CLANG_WARN_NON_LITERAL_NULL_CONVERSION = YES;
				CLANG_WARN_OBJC_IMPLICIT_RETAIN_SELF = YES;
				CLANG_WARN_OBJC_LITERAL_CONVERSION = YES;
				CLANG_WARN_OBJC_ROOT_CLASS = YES_ERROR;
				CLANG_WARN_QUOTED_INCLUDE_IN_FRAMEWORK_HEADER = YES;
				CLANG_WARN_RANGE_LOOP_ANALYSIS = YES;
				CLANG_WARN_STRICT_PROTOTYPES = YES;
				CLANG_WARN_SUSPICIOUS_MOVE = YES;
				CLANG_WARN_UNGUARDED_AVAILABILITY = YES_AGGRESSIVE;
				CLANG_WARN_UNREACHABLE_CODE = YES;
				CLANG_WARN__DUPLICATE_METHOD_MATCH = YES;
				COPY_PHASE_STRIP = NO;
				DEBUG_INFORMATION_FORMAT = dwarf;
				ENABLE_STRICT_OBJC_MSGSEND = YES;
				ENABLE_TESTABILITY = YES;
				GCC_C_LANGUAGE_STANDARD = gnu11;
				GCC_DYNAMIC_NO_PIC = NO;
				GCC_NO_COMMON_BLOCKS = YES;
				GCC_OPTIMIZATION_LEVEL = 0;
				GCC_PREPROCESSOR_DEFINITIONS = (
					"DEBUG=1",
					"$(inherited)",
				);
				GCC_WARN_64_TO_32_BIT_CONVERSION = YES;
				GCC_WARN_ABOUT_RETURN_TYPE = YES_ERROR;
				GCC_WARN_UNDECLARED_SELECTOR = YES;
				GCC_WARN_UNINITIALIZED_AUTOS = YES_AGGRESSIVE;
				GCC_WARN_UNUSED_FUNCTION = YES;
				GCC_WARN_UNUSED_VARIABLE = YES;
				IPHONEOS_DEPLOYMENT_TARGET = 15.0;
				MTL_ENABLE_DEBUG_INFO = INCLUDE_SOURCE;
				MTL_FAST_MATH = YES;
				ONLY_ACTIVE_ARCH = YES;
				SDKROOT = iphoneos;
				SWIFT_ACTIVE_COMPILATION_CONDITIONS = DEBUG;
				SWIFT_OPTIMIZATION_LEVEL = "-Onone";
			};
			name = Debug;
		};
		39D5C559279564B2002F49BC /* Release */ = {
			isa = XCBuildConfiguration;
			buildSettings = {
				ALWAYS_SEARCH_USER_PATHS = NO;
				CLANG_ANALYZER_NONNULL = YES;
				CLANG_ANALYZER_NUMBER_OBJECT_CONVERSION = YES_AGGRESSIVE;
				CLANG_CXX_LANGUAGE_STANDARD = "gnu++17";
				CLANG_CXX_LIBRARY = "libc++";
				CLANG_ENABLE_MODULES = YES;
				CLANG_ENABLE_OBJC_ARC = YES;
				CLANG_ENABLE_OBJC_WEAK = YES;
				CLANG_WARN_BLOCK_CAPTURE_AUTORELEASING = YES;
				CLANG_WARN_BOOL_CONVERSION = YES;
				CLANG_WARN_COMMA = YES;
				CLANG_WARN_CONSTANT_CONVERSION = YES;
				CLANG_WARN_DEPRECATED_OBJC_IMPLEMENTATIONS = YES;
				CLANG_WARN_DIRECT_OBJC_ISA_USAGE = YES_ERROR;
				CLANG_WARN_DOCUMENTATION_COMMENTS = YES;
				CLANG_WARN_EMPTY_BODY = YES;
				CLANG_WARN_ENUM_CONVERSION = YES;
				CLANG_WARN_INFINITE_RECURSION = YES;
				CLANG_WARN_INT_CONVERSION = YES;
				CLANG_WARN_NON_LITERAL_NULL_CONVERSION = YES;
				CLANG_WARN_OBJC_IMPLICIT_RETAIN_SELF = YES;
				CLANG_WARN_OBJC_LITERAL_CONVERSION = YES;
				CLANG_WARN_OBJC_ROOT_CLASS = YES_ERROR;
				CLANG_WARN_QUOTED_INCLUDE_IN_FRAMEWORK_HEADER = YES;
				CLANG_WARN_RANGE_LOOP_ANALYSIS = YES;
				CLANG_WARN_STRICT_PROTOTYPES = YES;
				CLANG_WARN_SUSPICIOUS_MOVE = YES;
				CLANG_WARN_UNGUARDED_AVAILABILITY = YES_AGGRESSIVE;
				CLANG_WARN_UNREACHABLE_CODE = YES;
				CLANG_WARN__DUPLICATE_METHOD_MATCH = YES;
				COPY_PHASE_STRIP = NO;
				DEBUG_INFORMATION_FORMAT = "dwarf-with-dsym";
				ENABLE_NS_ASSERTIONS = NO;
				ENABLE_STRICT_OBJC_MSGSEND = YES;
				GCC_C_LANGUAGE_STANDARD = gnu11;
				GCC_NO_COMMON_BLOCKS = YES;
				GCC_WARN_64_TO_32_BIT_CONVERSION = YES;
				GCC_WARN_ABOUT_RETURN_TYPE = YES_ERROR;
				GCC_WARN_UNDECLARED_SELECTOR = YES;
				GCC_WARN_UNINITIALIZED_AUTOS = YES_AGGRESSIVE;
				GCC_WARN_UNUSED_FUNCTION = YES;
				GCC_WARN_UNUSED_VARIABLE = YES;
				IPHONEOS_DEPLOYMENT_TARGET = 15.0;
				MTL_ENABLE_DEBUG_INFO = NO;
				MTL_FAST_MATH = YES;
				SDKROOT = iphoneos;
				SWIFT_COMPILATION_MODE = wholemodule;
				SWIFT_OPTIMIZATION_LEVEL = "-O";
				VALIDATE_PRODUCT = YES;
			};
			name = Release;
		};
		39D5C55B279564B2002F49BC /* Debug */ = {
			isa = XCBuildConfiguration;
			baseConfigurationReference = B4134E389AF8E720393C5722 /* Pods-FacebookApp.debug.xcconfig */;
			buildSettings = {
				ASSETCATALOG_COMPILER_APPICON_NAME = AppIcon;
				ASSETCATALOG_COMPILER_GLOBAL_ACCENT_COLOR_NAME = AccentColor;
				CODE_SIGN_STYLE = Automatic;
				CURRENT_PROJECT_VERSION = 1;
				DEVELOPMENT_TEAM = 6HSF8G5L6P;
				GENERATE_INFOPLIST_FILE = YES;
				INFOPLIST_FILE = "FacebookApp/Supporting Files/Info.plist";
				INFOPLIST_KEY_UIApplicationSupportsIndirectInputEvents = YES;
				INFOPLIST_KEY_UILaunchStoryboardName = LaunchScreen;
				INFOPLIST_KEY_UIMainStoryboardFile = SignInSceen;
				INFOPLIST_KEY_UISupportedInterfaceOrientations_iPad = "UIInterfaceOrientationPortrait UIInterfaceOrientationPortraitUpsideDown UIInterfaceOrientationLandscapeLeft UIInterfaceOrientationLandscapeRight";
				INFOPLIST_KEY_UISupportedInterfaceOrientations_iPhone = "UIInterfaceOrientationPortrait UIInterfaceOrientationLandscapeLeft UIInterfaceOrientationLandscapeRight";
				LD_RUNPATH_SEARCH_PATHS = (
					"$(inherited)",
					"@executable_path/Frameworks",
				);
				MARKETING_VERSION = 1.0;
				PRODUCT_BUNDLE_IDENTIFIER = space.FacebookApp;
				PRODUCT_NAME = "$(TARGET_NAME)";
				SWIFT_EMIT_LOC_STRINGS = YES;
				SWIFT_VERSION = 5.0;
				TARGETED_DEVICE_FAMILY = "1,2";
			};
			name = Debug;
		};
		39D5C55C279564B2002F49BC /* Release */ = {
			isa = XCBuildConfiguration;
			baseConfigurationReference = 75698ACF95FBC46689515613 /* Pods-FacebookApp.release.xcconfig */;
			buildSettings = {
				ASSETCATALOG_COMPILER_APPICON_NAME = AppIcon;
				ASSETCATALOG_COMPILER_GLOBAL_ACCENT_COLOR_NAME = AccentColor;
				CODE_SIGN_STYLE = Automatic;
				CURRENT_PROJECT_VERSION = 1;
				DEVELOPMENT_TEAM = 6HSF8G5L6P;
				GENERATE_INFOPLIST_FILE = YES;
				INFOPLIST_FILE = "FacebookApp/Supporting Files/Info.plist";
				INFOPLIST_KEY_UIApplicationSupportsIndirectInputEvents = YES;
				INFOPLIST_KEY_UILaunchStoryboardName = LaunchScreen;
				INFOPLIST_KEY_UIMainStoryboardFile = SignInSceen;
				INFOPLIST_KEY_UISupportedInterfaceOrientations_iPad = "UIInterfaceOrientationPortrait UIInterfaceOrientationPortraitUpsideDown UIInterfaceOrientationLandscapeLeft UIInterfaceOrientationLandscapeRight";
				INFOPLIST_KEY_UISupportedInterfaceOrientations_iPhone = "UIInterfaceOrientationPortrait UIInterfaceOrientationLandscapeLeft UIInterfaceOrientationLandscapeRight";
				LD_RUNPATH_SEARCH_PATHS = (
					"$(inherited)",
					"@executable_path/Frameworks",
				);
				MARKETING_VERSION = 1.0;
				PRODUCT_BUNDLE_IDENTIFIER = space.FacebookApp;
				PRODUCT_NAME = "$(TARGET_NAME)";
				SWIFT_EMIT_LOC_STRINGS = YES;
				SWIFT_VERSION = 5.0;
				TARGETED_DEVICE_FAMILY = "1,2";
			};
			name = Release;
		};
/* End XCBuildConfiguration section */

/* Begin XCConfigurationList section */
		39D5C541279564AF002F49BC /* Build configuration list for PBXProject "FacebookApp" */ = {
			isa = XCConfigurationList;
			buildConfigurations = (
				39D5C558279564B2002F49BC /* Debug */,
				39D5C559279564B2002F49BC /* Release */,
			);
			defaultConfigurationIsVisible = 0;
			defaultConfigurationName = Release;
		};
		39D5C55A279564B2002F49BC /* Build configuration list for PBXNativeTarget "FacebookApp" */ = {
			isa = XCConfigurationList;
			buildConfigurations = (
				39D5C55B279564B2002F49BC /* Debug */,
				39D5C55C279564B2002F49BC /* Release */,
			);
			defaultConfigurationIsVisible = 0;
			defaultConfigurationName = Release;
		};
/* End XCConfigurationList section */
	};
	rootObject = 39D5C53E279564AF002F49BC /* Project object */;
}
